# THIS IS AN AUTOGENERATED FILE. DO NOT EDIT THIS FILE DIRECTLY.
# yarn lockfile v1


"@chainlink/contracts@^0.4.1":
  "integrity" "sha512-eC8biY6Ks8k9kZKVt5305veCP3z57yyiy6Os5aR6auta6Bp34xWQ/s4qvrifcW4FNgWw1HJPwMPXDGfiehcLjg=="
  "resolved" "https://registry.npmjs.org/@chainlink/contracts/-/contracts-0.4.1.tgz"
  "version" "0.4.1"

"bluebird@^3.4.6":
  "integrity" "sha512-XpNj6GDQzdfW+r2Wnn7xiSAd7TM3jzkxGXBGTtWKuSXv1xUV+azxAm8jdWZN06QTQk+2N2XB9jRDkvbmQmcRtg=="
  "resolved" "https://registry.npmjs.org/bluebird/-/bluebird-3.7.2.tgz"
  "version" "3.7.2"

"brownie@^0.9.9":
  "integrity" "sha512-rZHdcFYoucSQZ4qBj8mw0HlzCGEyHsuAneQXrLEPDVy3WUqilXCYQ3lqnzPjJN+Ekbhsvtsq9JKhzIN6Z+lmmg=="
  "resolved" "https://registry.npmjs.org/brownie/-/brownie-0.9.9.tgz"
  "version" "0.9.9"
  dependencies:
    "bluebird" "^3.4.6"
    "gremlin" "^2.3.2"
    "lodash" "^4.17.2"
    "uuid" "^3.0.0"

"core-util-is@~1.0.0":
  "integrity" "sha512-ZQBvi1DcpJ4GDqanjucZ2Hj3wEO5pZDS89BWbkcrvdxksJorwUDDZamX9ldFkp9aw2lmBDLgkObEA4DWNJ9FYQ=="
  "resolved" "https://registry.npmjs.org/core-util-is/-/core-util-is-1.0.3.tgz"
  "version" "1.0.3"

"gremlin-template-string@^2.0.0":
  "integrity" "sha512-nRBGz4n0m2SGnSCurSeEyQxP4e6y/Y4/ZgKOzRw12SCz1AXHf+CnCxstTZDuw8SofwfhZPUk1fI6dNEm0nDzIw=="
  "resolved" "https://registry.npmjs.org/gremlin-template-string/-/gremlin-template-string-2.0.0.tgz"
  "version" "2.0.0"

"gremlin@^2.3.2":
  "integrity" "sha512-6IsEi+m+3dSgCP5Pdb3aTJ+dfEgxTvTk4+ccp3PCnclHbSmffIYWt37yQVa5Wmu4Fe9PzOhdpKIUr2FNchncJA=="
  "resolved" "https://registry.npmjs.org/gremlin/-/gremlin-2.7.0.tgz"
  "version" "2.7.0"
  dependencies:
    "gremlin-template-string" "^2.0.0"
    "highland" "^2.5.1"
    "lodash" "^3.10.1"
    "node-uuid" "^1.4.3"
    "readable-stream" "^2.0.2"
    "ws" "^2.3.1"
    "zer" "^0.1.0"

"highland@^2.5.1":
  "integrity" "sha512-dn2flPapIIAa4BtkB2ahjshg8iSJtrJtdhEb9/oiOrS5HMQTR/GuhFpqJ+11YBdtnl3AwWKvbZd1Uxr8uAmA7A=="
  "resolved" "https://registry.npmjs.org/highland/-/highland-2.13.5.tgz"
  "version" "2.13.5"
  dependencies:
    "util-deprecate" "^1.0.2"

"inherits@~2.0.3":
  "integrity" "sha512-k/vGaX4/Yla3WzyMCvTQOXYeIHvqOKtnqBduzTHpzpQZzAskKMhZ2K+EnBiSM9zGSoIFeMpXKxa4dYeZIQqewQ=="
  "resolved" "https://registry.npmjs.org/inherits/-/inherits-2.0.4.tgz"
  "version" "2.0.4"

"isarray@~1.0.0":
  "integrity" "sha512-VLghIWNM6ELQzo7zwmcg0NmTVyWKYjvIeM83yjp0wRDTmUnrM678fQbcKBo6n2CJEF0szoG//ytg+TKla89ALQ=="
  "resolved" "https://registry.npmjs.org/isarray/-/isarray-1.0.0.tgz"
  "version" "1.0.0"

"lodash@^3.10.1":
  "integrity" "sha512-9mDDwqVIma6OZX79ZlDACZl8sBm0TEnkf99zV3iMA4GzkIT/9hiqP5mY0HoT1iNLCrKc/R1HByV+yJfRWVJryQ=="
  "resolved" "https://registry.npmjs.org/lodash/-/lodash-3.10.1.tgz"
  "version" "3.10.1"

"lodash@^4.17.2":
  "integrity" "sha512-v2kDEe57lecTulaDIuNTPy3Ry4gLGJ6Z1O3vE1krgXZNrsQ+LFTGHVxVjcXPs17LhbZVGedAJv8XZ1tvj5FvSg=="
  "resolved" "https://registry.npmjs.org/lodash/-/lodash-4.17.21.tgz"
  "version" "4.17.21"

"node-uuid@^1.4.3":
  "integrity" "sha512-TkCET/3rr9mUuRp+CpO7qfgT++aAxfDRaalQhwPFzI9BY/2rCDn6OfpZOVggi1AXfTPpfkTrg5f5WQx5G1uLxA=="
  "resolved" "https://registry.npmjs.org/node-uuid/-/node-uuid-1.4.8.tgz"
  "version" "1.4.8"

"postinstall-build@^5.0.0":
  "integrity" "sha512-vPvPe8TKgp4FLgY3+DfxCE5PIfoXBK2lyLfNCxsRbDsV6vS4oU5RG/IWxrblMn6heagbnMED3MemUQllQ2bQUg=="
  "resolved" "https://registry.npmjs.org/postinstall-build/-/postinstall-build-5.0.3.tgz"
  "version" "5.0.3"

"process-nextick-args@~2.0.0":
  "integrity" "sha512-3ouUOpQhtgrbOa17J7+uxOTpITYWaGP7/AhoR3+A+/1e9skrzelGi/dXzEYyvbxubEF6Wn2ypscTKiKJFFn1ag=="
  "resolved" "https://registry.npmjs.org/process-nextick-args/-/process-nextick-args-2.0.1.tgz"
  "version" "2.0.1"

"readable-stream@^2.0.2":
  "integrity" "sha512-Ebho8K4jIbHAxnuxi7o42OrZgF/ZTNcsZj6nRKyUmkhLFq8CHItp/fy6hQZuZmP/n3yZ9VBUbp4zz/mX8hmYPw=="
  "resolved" "https://registry.npmjs.org/readable-stream/-/readable-stream-2.3.7.tgz"
  "version" "2.3.7"
  dependencies:
    "core-util-is" "~1.0.0"
    "inherits" "~2.0.3"
    "isarray" "~1.0.0"
    "process-nextick-args" "~2.0.0"
    "safe-buffer" "~5.1.1"
    "string_decoder" "~1.1.1"
    "util-deprecate" "~1.0.1"

"safe-buffer@~5.0.1":
  "integrity" "sha512-cr7dZWLwOeaFBLTIuZeYdkfO7UzGIKhjYENJFAxUOMKWGaWDm2nJM2rzxNRm5Owu0DH3ApwNo6kx5idXZfb/Iw=="
  "resolved" "https://registry.npmjs.org/safe-buffer/-/safe-buffer-5.0.1.tgz"
  "version" "5.0.1"

"safe-buffer@~5.1.0", "safe-buffer@~5.1.1":
  "integrity" "sha512-Gd2UZBJDkXlY7GbJxfsE8/nvKkUEU1G38c1siN6QP6a9PT9MmHB8GnpscSmMJSoF8LOIrt8ud/wPtojys4G6+g=="
  "resolved" "https://registry.npmjs.org/safe-buffer/-/safe-buffer-5.1.2.tgz"
  "version" "5.1.2"

"string_decoder@~1.1.1":
  "integrity" "sha512-n/ShnvDi6FHbbVfviro+WojiFzv+s8MPMHBczVePfUpDJLwoLT0ht1l4YwBCbi8pJAveEEdnkHyPyTP/mzRfwg=="
  "resolved" "https://registry.npmjs.org/string_decoder/-/string_decoder-1.1.1.tgz"
  "version" "1.1.1"
  dependencies:
    "safe-buffer" "~5.1.0"

"ultron@~1.1.0":
  "integrity" "sha512-UIEXBNeYmKptWH6z8ZnqTeS8fV74zG0/eRU9VGkpzz+LIJNs8W/zM/L+7ctCkRrgbNnnR0xxw4bKOr0cW0N0Og=="
  "resolved" "https://registry.npmjs.org/ultron/-/ultron-1.1.1.tgz"
  "version" "1.1.1"

"util-deprecate@^1.0.2", "util-deprecate@~1.0.1":
  "integrity" "sha512-EPD5q1uXyFxJpCrLnCc1nHnq3gOa6DZBocAIiI2TaSCA7VCJ1UJDMagCzIkXNsUYfD1daK//LTEQ8xiIbrHtcw=="
  "resolved" "https://registry.npmjs.org/util-deprecate/-/util-deprecate-1.0.2.tgz"
  "version" "1.0.2"

"uuid@^3.0.0":
  "integrity" "sha512-HjSDRw6gZE5JMggctHBcjVak08+KEVhSIiDzFnT9S9aegmp85S/bReBVTb4QTFaRNptJ9kuYaNhnbNEOkbKb/A=="
  "resolved" "https://registry.npmjs.org/uuid/-/uuid-3.4.0.tgz"
  "version" "3.4.0"

"ws@^2.3.1":
  "integrity" "sha512-61a+9LgtYZxTq1hAonhX8Xwpo2riK4IOR/BIVxioFbCfc3QFKmpE4x9dLExfLHKtUfVZigYa36tThVhO57erEw=="
  "resolved" "https://registry.npmjs.org/ws/-/ws-2.3.1.tgz"
  "version" "2.3.1"
  dependencies:
    "safe-buffer" "~5.0.1"
    "ultron" "~1.1.0"

"zer@^0.1.0":
  "integrity" "sha512-MOE/Wzgjd9n94oXbry90CYV/5sLL9hjL9ivu+W5Q2bwsjeWwtuSvecgTvyKF8zjrIXYrsJ/Mf43lffSXYxlwRg=="
  "resolved" "https://registry.npmjs.org/zer/-/zer-0.1.0.tgz"
  "version" "0.1.0"
  dependencies:
    "postinstall-build" "^5.0.0"
